
Microsoft Visual Studio Solution File, Format Version 12.00
# Visual Studio 15
VisualStudioVersion = 15.0.27428.2037
MinimumVisualStudioVersion = 10.0.40219.1
Project("{FAE04EC0-301F-11D3-BF4B-00C04F79EFBC}") = "Umrbrwn.Objtention", "Umrbrwn.Objtention\Umrbrwn.Objtention.csproj", "{E3EEDF57-79EA-42BB-8BF6-4371A76BCD6D}"
EndProject
Project("{FAE04EC0-301F-11D3-BF4B-00C04F79EFBC}") = "Umrbrwn.Objtention.Tests", "Umrbrwn.Objtention.Tests\Umrbrwn.Objtention.Tests.csproj", "{EB0EED40-67AF-4400-99C5-B3FFC5CFFDDE}"
EndProject
Global
	GlobalSection(SolutionConfigurationPlatforms) = preSolution
		Debug|Any CPU = Debug|Any CPU
		Release|Any CPU = Release|Any CPU
	EndGlobalSection
	GlobalSection(ProjectConfigurationPlatforms) = postSolution
		{E3EEDF57-79EA-42BB-8BF6-4371A76BCD6D}.Debug|Any CPU.ActiveCfg = Debug|Any CPU
		{E3EEDF57-79EA-42BB-8BF6-4371A76BCD6D}.Debug|Any CPU.Build.0 = Debug|Any CPU
		{E3EEDF57-79EA-42BB-8BF6-4371A76BCD6D}.Release|Any CPU.ActiveCfg = Release|Any CPU
		{E3EEDF57-79EA-42BB-8BF6-4371A76BCD6D}.Release|Any CPU.Build.0 = Release|Any CPU
		{EB0EED40-67AF-4400-99C5-B3FFC5CFFDDE}.Debug|Any CPU.ActiveCfg = Debug|Any CPU
		{EB0EED40-67AF-4400-99C5-B3FFC5CFFDDE}.Debug|Any CPU.Build.0 = Debug|Any CPU
		{EB0EED40-67AF-4400-99C5-B3FFC5CFFDDE}.Release|Any CPU.ActiveCfg = Release|Any CPU
		{EB0EED40-67AF-4400-99C5-B3FFC5CFFDDE}.Release|Any CPU.Build.0 = Release|Any CPU
	EndGlobalSection
	GlobalSection(SolutionProperties) = preSolution
		HideSolutionNode = FALSE
	EndGlobalSection
	GlobalSection(ExtensibilityGlobals) = postSolution
		SolutionGuid = {8D4879DE-C7B4-411A-B836-405C68080A4D}
	EndGlobalSection
EndGlobal
